// !$*UTF8*$!
{
	archiveVersion = 1;
	classes = {
	};
	objectVersion = 56;
	objects = {

/* Begin PBXBuildFile section */
		260320AC2A19FE7B00A4E83C /* ArbuzTaskAppApp.swift in Sources */ = {isa = PBXBuildFile; fileRef = 260320AB2A19FE7B00A4E83C /* ArbuzTaskAppApp.swift */; };
		260320B02A19FE7C00A4E83C /* Assets.xcassets in Resources */ = {isa = PBXBuildFile; fileRef = 260320AF2A19FE7C00A4E83C /* Assets.xcassets */; };
		260320B32A19FE7C00A4E83C /* Preview Assets.xcassets in Resources */ = {isa = PBXBuildFile; fileRef = 260320B22A19FE7C00A4E83C /* Preview Assets.xcassets */; };
		261E03A22A1AB51A00ECBF43 /* CartViewModel.swift in Sources */ = {isa = PBXBuildFile; fileRef = 261E03A12A1AB51A00ECBF43 /* CartViewModel.swift */; };
		261E03A42A1AB59E00ECBF43 /* Position.swift in Sources */ = {isa = PBXBuildFile; fileRef = 261E03A32A1AB59E00ECBF43 /* Position.swift */; };
		263D7F132A1CB76C008BD883 /* OrderTimeCell.swift in Sources */ = {isa = PBXBuildFile; fileRef = 263D7F122A1CB76C008BD883 /* OrderTimeCell.swift */; };
		263D7F152A1CB7ED008BD883 /* OrderTime.swift in Sources */ = {isa = PBXBuildFile; fileRef = 263D7F142A1CB7ED008BD883 /* OrderTime.swift */; };
		263D7F172A1CBE00008BD883 /* OrderTimeViewModel.swift in Sources */ = {isa = PBXBuildFile; fileRef = 263D7F162A1CBE00008BD883 /* OrderTimeViewModel.swift */; };
		267DD4842A1A10C100C4B111 /* ProductCell.swift in Sources */ = {isa = PBXBuildFile; fileRef = 267DD4832A1A10C100C4B111 /* ProductCell.swift */; };
		267DD4882A1A2BBD00C4B111 /* CatalogViewModel.swift in Sources */ = {isa = PBXBuildFile; fileRef = 267DD4872A1A2BBD00C4B111 /* CatalogViewModel.swift */; };
		2684C2E02A1B1E51000D455C /* PositionCell.swift in Sources */ = {isa = PBXBuildFile; fileRef = 2684C2DF2A1B1E51000D455C /* PositionCell.swift */; };
		26A07A3E2A1A4D20005E1EF4 /* ProductDetailView.swift in Sources */ = {isa = PBXBuildFile; fileRef = 26A07A3D2A1A4D20005E1EF4 /* ProductDetailView.swift */; };
		26B99E192A19FFEB0054EE25 /* MainTabBar.swift in Sources */ = {isa = PBXBuildFile; fileRef = 26B99E182A19FFEB0054EE25 /* MainTabBar.swift */; };
		26B99E1B2A1A06000054EE25 /* CatalogView.swift in Sources */ = {isa = PBXBuildFile; fileRef = 26B99E1A2A1A06000054EE25 /* CatalogView.swift */; };
		26B99E1D2A1A06AB0054EE25 /* CartView.swift in Sources */ = {isa = PBXBuildFile; fileRef = 26B99E1C2A1A06AB0054EE25 /* CartView.swift */; };
		26B99E222A1A0B660054EE25 /* Product.swift in Sources */ = {isa = PBXBuildFile; fileRef = 26B99E212A1A0B660054EE25 /* Product.swift */; };
		26D34B822A1A5FA000BD2AC8 /* ProductDetailViewModel.swift in Sources */ = {isa = PBXBuildFile; fileRef = 26D34B812A1A5FA000BD2AC8 /* ProductDetailViewModel.swift */; };
		26E522F52A1C99A300EF3C46 /* SubDetailView.swift in Sources */ = {isa = PBXBuildFile; fileRef = 26E522F42A1C99A300EF3C46 /* SubDetailView.swift */; };
		26E522F72A1CA1EF00EF3C46 /* Order.swift in Sources */ = {isa = PBXBuildFile; fileRef = 26E522F62A1CA1EF00EF3C46 /* Order.swift */; };
		26E522F92A1CA24E00EF3C46 /* OrderStatus.swift in Sources */ = {isa = PBXBuildFile; fileRef = 26E522F82A1CA24E00EF3C46 /* OrderStatus.swift */; };
/* End PBXBuildFile section */

/* Begin PBXFileReference section */
		260320A82A19FE7B00A4E83C /* ArbuzTaskApp.app */ = {isa = PBXFileReference; explicitFileType = wrapper.application; includeInIndex = 0; path = ArbuzTaskApp.app; sourceTree = BUILT_PRODUCTS_DIR; };
		260320AB2A19FE7B00A4E83C /* ArbuzTaskAppApp.swift */ = {isa = PBXFileReference; lastKnownFileType = sourcecode.swift; path = ArbuzTaskAppApp.swift; sourceTree = "<group>"; };
		260320AF2A19FE7C00A4E83C /* Assets.xcassets */ = {isa = PBXFileReference; lastKnownFileType = folder.assetcatalog; path = Assets.xcassets; sourceTree = "<group>"; };
		260320B22A19FE7C00A4E83C /* Preview Assets.xcassets */ = {isa = PBXFileReference; lastKnownFileType = folder.assetcatalog; path = "Preview Assets.xcassets"; sourceTree = "<group>"; };
		261E03A12A1AB51A00ECBF43 /* CartViewModel.swift */ = {isa = PBXFileReference; lastKnownFileType = sourcecode.swift; path = CartViewModel.swift; sourceTree = "<group>"; };
		261E03A32A1AB59E00ECBF43 /* Position.swift */ = {isa = PBXFileReference; lastKnownFileType = sourcecode.swift; path = Position.swift; sourceTree = "<group>"; };
		263D7F122A1CB76C008BD883 /* OrderTimeCell.swift */ = {isa = PBXFileReference; lastKnownFileType = sourcecode.swift; path = OrderTimeCell.swift; sourceTree = "<group>"; };
		263D7F142A1CB7ED008BD883 /* OrderTime.swift */ = {isa = PBXFileReference; lastKnownFileType = sourcecode.swift; path = OrderTime.swift; sourceTree = "<group>"; };
		263D7F162A1CBE00008BD883 /* OrderTimeViewModel.swift */ = {isa = PBXFileReference; lastKnownFileType = sourcecode.swift; path = OrderTimeViewModel.swift; sourceTree = "<group>"; };
		267DD4832A1A10C100C4B111 /* ProductCell.swift */ = {isa = PBXFileReference; lastKnownFileType = sourcecode.swift; path = ProductCell.swift; sourceTree = "<group>"; };
		267DD4872A1A2BBD00C4B111 /* CatalogViewModel.swift */ = {isa = PBXFileReference; lastKnownFileType = sourcecode.swift; path = CatalogViewModel.swift; sourceTree = "<group>"; };
		2684C2DF2A1B1E51000D455C /* PositionCell.swift */ = {isa = PBXFileReference; lastKnownFileType = sourcecode.swift; path = PositionCell.swift; sourceTree = "<group>"; };
		26A07A3D2A1A4D20005E1EF4 /* ProductDetailView.swift */ = {isa = PBXFileReference; lastKnownFileType = sourcecode.swift; path = ProductDetailView.swift; sourceTree = "<group>"; };
		26B99E182A19FFEB0054EE25 /* MainTabBar.swift */ = {isa = PBXFileReference; lastKnownFileType = sourcecode.swift; path = MainTabBar.swift; sourceTree = "<group>"; };
		26B99E1A2A1A06000054EE25 /* CatalogView.swift */ = {isa = PBXFileReference; lastKnownFileType = sourcecode.swift; path = CatalogView.swift; sourceTree = "<group>"; };
		26B99E1C2A1A06AB0054EE25 /* CartView.swift */ = {isa = PBXFileReference; lastKnownFileType = sourcecode.swift; path = CartView.swift; sourceTree = "<group>"; };
		26B99E212A1A0B660054EE25 /* Product.swift */ = {isa = PBXFileReference; lastKnownFileType = sourcecode.swift; path = Product.swift; sourceTree = "<group>"; };
		26D34B812A1A5FA000BD2AC8 /* ProductDetailViewModel.swift */ = {isa = PBXFileReference; lastKnownFileType = sourcecode.swift; path = ProductDetailViewModel.swift; sourceTree = "<group>"; };
		26E522F42A1C99A300EF3C46 /* SubDetailView.swift */ = {isa = PBXFileReference; lastKnownFileType = sourcecode.swift; path = SubDetailView.swift; sourceTree = "<group>"; };
		26E522F62A1CA1EF00EF3C46 /* Order.swift */ = {isa = PBXFileReference; lastKnownFileType = sourcecode.swift; path = Order.swift; sourceTree = "<group>"; };
		26E522F82A1CA24E00EF3C46 /* OrderStatus.swift */ = {isa = PBXFileReference; lastKnownFileType = sourcecode.swift; path = OrderStatus.swift; sourceTree = "<group>"; };
/* End PBXFileReference section */

/* Begin PBXFrameworksBuildPhase section */
		260320A52A19FE7B00A4E83C /* Frameworks */ = {
			isa = PBXFrameworksBuildPhase;
			buildActionMask = 2147483647;
			files = (
			);
			runOnlyForDeploymentPostprocessing = 0;
		};
/* End PBXFrameworksBuildPhase section */

/* Begin PBXGroup section */
		2603209F2A19FE7A00A4E83C = {
			isa = PBXGroup;
			children = (
				260320AA2A19FE7B00A4E83C /* ArbuzTaskApp */,
				260320A92A19FE7B00A4E83C /* Products */,
			);
			sourceTree = "<group>";
		};
		260320A92A19FE7B00A4E83C /* Products */ = {
			isa = PBXGroup;
			children = (
				260320A82A19FE7B00A4E83C /* ArbuzTaskApp.app */,
			);
			name = Products;
			sourceTree = "<group>";
		};
		260320AA2A19FE7B00A4E83C /* ArbuzTaskApp */ = {
			isa = PBXGroup;
			children = (
				260320AB2A19FE7B00A4E83C /* ArbuzTaskAppApp.swift */,
				267DD4862A1A25E100C4B111 /* Model */,
				26B99E202A1A0B240054EE25 /* View */,
				267DD4892A1A2BD200C4B111 /* ViewModel */,
				260320AF2A19FE7C00A4E83C /* Assets.xcassets */,
				260320B12A19FE7C00A4E83C /* Preview Content */,
			);
			path = ArbuzTaskApp;
			sourceTree = "<group>";
		};
		260320B12A19FE7C00A4E83C /* Preview Content */ = {
			isa = PBXGroup;
			children = (
				260320B22A19FE7C00A4E83C /* Preview Assets.xcassets */,
			);
			path = "Preview Content";
			sourceTree = "<group>";
		};
		267DD4852A1A10D800C4B111 /* Components */ = {
			isa = PBXGroup;
			children = (
				267DD4832A1A10C100C4B111 /* ProductCell.swift */,
				263D7F122A1CB76C008BD883 /* OrderTimeCell.swift */,
				2684C2DF2A1B1E51000D455C /* PositionCell.swift */,
			);
			path = Components;
			sourceTree = "<group>";
		};
		267DD4862A1A25E100C4B111 /* Model */ = {
			isa = PBXGroup;
			children = (
				26B99E212A1A0B660054EE25 /* Product.swift */,
				263D7F142A1CB7ED008BD883 /* OrderTime.swift */,
				26E522F62A1CA1EF00EF3C46 /* Order.swift */,
				261E03A32A1AB59E00ECBF43 /* Position.swift */,
				26E522F82A1CA24E00EF3C46 /* OrderStatus.swift */,
			);
			path = Model;
			sourceTree = "<group>";
		};
		267DD4892A1A2BD200C4B111 /* ViewModel */ = {
			isa = PBXGroup;
			children = (
				267DD4872A1A2BBD00C4B111 /* CatalogViewModel.swift */,
				26D34B812A1A5FA000BD2AC8 /* ProductDetailViewModel.swift */,
				263D7F162A1CBE00008BD883 /* OrderTimeViewModel.swift */,
				261E03A12A1AB51A00ECBF43 /* CartViewModel.swift */,
			);
			path = ViewModel;
			sourceTree = "<group>";
		};
		26B99E202A1A0B240054EE25 /* View */ = {
			isa = PBXGroup;
			children = (
				26B99E182A19FFEB0054EE25 /* MainTabBar.swift */,
				26B99E1A2A1A06000054EE25 /* CatalogView.swift */,
				26A07A3D2A1A4D20005E1EF4 /* ProductDetailView.swift */,
				26E522F42A1C99A300EF3C46 /* SubDetailView.swift */,
				26B99E1C2A1A06AB0054EE25 /* CartView.swift */,
				267DD4852A1A10D800C4B111 /* Components */,
			);
			path = View;
			sourceTree = "<group>";
		};
/* End PBXGroup section */

/* Begin PBXNativeTarget section */
		260320A72A19FE7B00A4E83C /* ArbuzTaskApp */ = {
			isa = PBXNativeTarget;
			buildConfigurationList = 260320B62A19FE7C00A4E83C /* Build configuration list for PBXNativeTarget "ArbuzTaskApp" */;
			buildPhases = (
				260320A42A19FE7B00A4E83C /* Sources */,
				260320A52A19FE7B00A4E83C /* Frameworks */,
				260320A62A19FE7B00A4E83C /* Resources */,
			);
			buildRules = (
			);
			dependencies = (
			);
			name = ArbuzTaskApp;
			productName = ArbuzTaskApp;
			productReference = 260320A82A19FE7B00A4E83C /* ArbuzTaskApp.app */;
			productType = "com.apple.product-type.application";
		};
/* End PBXNativeTarget section */

/* Begin PBXProject section */
		260320A02A19FE7A00A4E83C /* Project object */ = {
			isa = PBXProject;
			attributes = {
				BuildIndependentTargetsInParallel = 1;
				LastSwiftUpdateCheck = 1420;
				LastUpgradeCheck = 1420;
				TargetAttributes = {
					260320A72A19FE7B00A4E83C = {
						CreatedOnToolsVersion = 14.2;
					};
				};
			};
			buildConfigurationList = 260320A32A19FE7A00A4E83C /* Build configuration list for PBXProject "ArbuzTaskApp" */;
			compatibilityVersion = "Xcode 14.0";
			developmentRegion = en;
			hasScannedForEncodings = 0;
			knownRegions = (
				en,
				Base,
			);
			mainGroup = 2603209F2A19FE7A00A4E83C;
			productRefGroup = 260320A92A19FE7B00A4E83C /* Products */;
			projectDirPath = "";
			projectRoot = "";
			targets = (
				260320A72A19FE7B00A4E83C /* ArbuzTaskApp */,
			);
		};
/* End PBXProject section */

/* Begin PBXResourcesBuildPhase section */
		260320A62A19FE7B00A4E83C /* Resources */ = {
			isa = PBXResourcesBuildPhase;
			buildActionMask = 2147483647;
			files = (
				260320B32A19FE7C00A4E83C /* Preview Assets.xcassets in Resources */,
				260320B02A19FE7C00A4E83C /* Assets.xcassets in Resources */,
			);
			runOnlyForDeploymentPostprocessing = 0;
		};
/* End PBXResourcesBuildPhase section */

/* Begin PBXSourcesBuildPhase section */
		260320A42A19FE7B00A4E83C /* Sources */ = {
			isa = PBXSourcesBuildPhase;
			buildActionMask = 2147483647;
			files = (
				263D7F132A1CB76C008BD883 /* OrderTimeCell.swift in Sources */,
				267DD4882A1A2BBD00C4B111 /* CatalogViewModel.swift in Sources */,
				26B99E1D2A1A06AB0054EE25 /* CartView.swift in Sources */,
				261E03A42A1AB59E00ECBF43 /* Position.swift in Sources */,
				26B99E192A19FFEB0054EE25 /* MainTabBar.swift in Sources */,
				26D34B822A1A5FA000BD2AC8 /* ProductDetailViewModel.swift in Sources */,
				26B99E1B2A1A06000054EE25 /* CatalogView.swift in Sources */,
				260320AC2A19FE7B00A4E83C /* ArbuzTaskAppApp.swift in Sources */,
				26E522F52A1C99A300EF3C46 /* SubDetailView.swift in Sources */,
				2684C2E02A1B1E51000D455C /* PositionCell.swift in Sources */,
				267DD4842A1A10C100C4B111 /* ProductCell.swift in Sources */,
				26B99E222A1A0B660054EE25 /* Product.swift in Sources */,
				26E522F92A1CA24E00EF3C46 /* OrderStatus.swift in Sources */,
				26E522F72A1CA1EF00EF3C46 /* Order.swift in Sources */,
				263D7F172A1CBE00008BD883 /* OrderTimeViewModel.swift in Sources */,
				263D7F152A1CB7ED008BD883 /* OrderTime.swift in Sources */,
				26A07A3E2A1A4D20005E1EF4 /* ProductDetailView.swift in Sources */,
				261E03A22A1AB51A00ECBF43 /* CartViewModel.swift in Sources */,
			);
			runOnlyForDeploymentPostprocessing = 0;
		};
/* End PBXSourcesBuildPhase section */

/* Begin XCBuildConfiguration section */
		260320B42A19FE7C00A4E83C /* Debug */ = {
			isa = XCBuildConfiguration;
			buildSettings = {
				ALWAYS_SEARCH_USER_PATHS = NO;
				CLANG_ANALYZER_NONNULL = YES;
				CLANG_ANALYZER_NUMBER_OBJECT_CONVERSION = YES_AGGRESSIVE;
				CLANG_CXX_LANGUAGE_STANDARD = "gnu++20";
				CLANG_ENABLE_MODULES = YES;
				CLANG_ENABLE_OBJC_ARC = YES;
				CLANG_ENABLE_OBJC_WEAK = YES;
				CLANG_WARN_BLOCK_CAPTURE_AUTORELEASING = YES;
				CLANG_WARN_BOOL_CONVERSION = YES;
				CLANG_WARN_COMMA = YES;
				CLANG_WARN_CONSTANT_CONVERSION = YES;
				CLANG_WARN_DEPRECATED_OBJC_IMPLEMENTATIONS = YES;
				CLANG_WARN_DIRECT_OBJC_ISA_USAGE = YES_ERROR;
				CLANG_WARN_DOCUMENTATION_COMMENTS = YES;
				CLANG_WARN_EMPTY_BODY = YES;
				CLANG_WARN_ENUM_CONVERSION = YES;
				CLANG_WARN_INFINITE_RECURSION = YES;
				CLANG_WARN_INT_CONVERSION = YES;
				CLANG_WARN_NON_LITERAL_NULL_CONVERSION = YES;
				CLANG_WARN_OBJC_IMPLICIT_RETAIN_SELF = YES;
				CLANG_WARN_OBJC_LITERAL_CONVERSION = YES;
				CLANG_WARN_OBJC_ROOT_CLASS = YES_ERROR;
				CLANG_WARN_QUOTED_INCLUDE_IN_FRAMEWORK_HEADER = YES;
				CLANG_WARN_RANGE_LOOP_ANALYSIS = YES;
				CLANG_WARN_STRICT_PROTOTYPES = YES;
				CLANG_WARN_SUSPICIOUS_MOVE = YES;
				CLANG_WARN_UNGUARDED_AVAILABILITY = YES_AGGRESSIVE;
				CLANG_WARN_UNREACHABLE_CODE = YES;
				CLANG_WARN__DUPLICATE_METHOD_MATCH = YES;
				COPY_PHASE_STRIP = NO;
				DEBUG_INFORMATION_FORMAT = dwarf;
				ENABLE_STRICT_OBJC_MSGSEND = YES;
				ENABLE_TESTABILITY = YES;
				GCC_C_LANGUAGE_STANDARD = gnu11;
				GCC_DYNAMIC_NO_PIC = NO;
				GCC_NO_COMMON_BLOCKS = YES;
				GCC_OPTIMIZATION_LEVEL = 0;
				GCC_PREPROCESSOR_DEFINITIONS = (
					"DEBUG=1",
					"$(inherited)",
				);
				GCC_WARN_64_TO_32_BIT_CONVERSION = YES;
				GCC_WARN_ABOUT_RETURN_TYPE = YES_ERROR;
				GCC_WARN_UNDECLARED_SELECTOR = YES;
				GCC_WARN_UNINITIALIZED_AUTOS = YES_AGGRESSIVE;
				GCC_WARN_UNUSED_FUNCTION = YES;
				GCC_WARN_UNUSED_VARIABLE = YES;
				IPHONEOS_DEPLOYMENT_TARGET = 16.2;
				MTL_ENABLE_DEBUG_INFO = INCLUDE_SOURCE;
				MTL_FAST_MATH = YES;
				ONLY_ACTIVE_ARCH = YES;
				SDKROOT = iphoneos;
				SWIFT_ACTIVE_COMPILATION_CONDITIONS = DEBUG;
				SWIFT_OPTIMIZATION_LEVEL = "-Onone";
			};
			name = Debug;
		};
		260320B52A19FE7C00A4E83C /* Release */ = {
			isa = XCBuildConfiguration;
			buildSettings = {
				ALWAYS_SEARCH_USER_PATHS = NO;
				CLANG_ANALYZER_NONNULL = YES;
				CLANG_ANALYZER_NUMBER_OBJECT_CONVERSION = YES_AGGRESSIVE;
				CLANG_CXX_LANGUAGE_STANDARD = "gnu++20";
				CLANG_ENABLE_MODULES = YES;
				CLANG_ENABLE_OBJC_ARC = YES;
				CLANG_ENABLE_OBJC_WEAK = YES;
				CLANG_WARN_BLOCK_CAPTURE_AUTORELEASING = YES;
				CLANG_WARN_BOOL_CONVERSION = YES;
				CLANG_WARN_COMMA = YES;
				CLANG_WARN_CONSTANT_CONVERSION = YES;
				CLANG_WARN_DEPRECATED_OBJC_IMPLEMENTATIONS = YES;
				CLANG_WARN_DIRECT_OBJC_ISA_USAGE = YES_ERROR;
				CLANG_WARN_DOCUMENTATION_COMMENTS = YES;
				CLANG_WARN_EMPTY_BODY = YES;
				CLANG_WARN_ENUM_CONVERSION = YES;
				CLANG_WARN_INFINITE_RECURSION = YES;
				CLANG_WARN_INT_CONVERSION = YES;
				CLANG_WARN_NON_LITERAL_NULL_CONVERSION = YES;
				CLANG_WARN_OBJC_IMPLICIT_RETAIN_SELF = YES;
				CLANG_WARN_OBJC_LITERAL_CONVERSION = YES;
				CLANG_WARN_OBJC_ROOT_CLASS = YES_ERROR;
				CLANG_WARN_QUOTED_INCLUDE_IN_FRAMEWORK_HEADER = YES;
				CLANG_WARN_RANGE_LOOP_ANALYSIS = YES;
				CLANG_WARN_STRICT_PROTOTYPES = YES;
				CLANG_WARN_SUSPICIOUS_MOVE = YES;
				CLANG_WARN_UNGUARDED_AVAILABILITY = YES_AGGRESSIVE;
				CLANG_WARN_UNREACHABLE_CODE = YES;
				CLANG_WARN__DUPLICATE_METHOD_MATCH = YES;
				COPY_PHASE_STRIP = NO;
				DEBUG_INFORMATION_FORMAT = "dwarf-with-dsym";
				ENABLE_NS_ASSERTIONS = NO;
				ENABLE_STRICT_OBJC_MSGSEND = YES;
				GCC_C_LANGUAGE_STANDARD = gnu11;
				GCC_NO_COMMON_BLOCKS = YES;
				GCC_WARN_64_TO_32_BIT_CONVERSION = YES;
				GCC_WARN_ABOUT_RETURN_TYPE = YES_ERROR;
				GCC_WARN_UNDECLARED_SELECTOR = YES;
				GCC_WARN_UNINITIALIZED_AUTOS = YES_AGGRESSIVE;
				GCC_WARN_UNUSED_FUNCTION = YES;
				GCC_WARN_UNUSED_VARIABLE = YES;
				IPHONEOS_DEPLOYMENT_TARGET = 16.2;
				MTL_ENABLE_DEBUG_INFO = NO;
				MTL_FAST_MATH = YES;
				SDKROOT = iphoneos;
				SWIFT_COMPILATION_MODE = wholemodule;
				SWIFT_OPTIMIZATION_LEVEL = "-O";
				VALIDATE_PRODUCT = YES;
			};
			name = Release;
		};
		260320B72A19FE7C00A4E83C /* Debug */ = {
			isa = XCBuildConfiguration;
			buildSettings = {
				ASSETCATALOG_COMPILER_APPICON_NAME = AppIcon;
				ASSETCATALOG_COMPILER_GLOBAL_ACCENT_COLOR_NAME = AccentColor;
				CODE_SIGN_STYLE = Automatic;
				CURRENT_PROJECT_VERSION = 1;
				DEVELOPMENT_ASSET_PATHS = "\"ArbuzTaskApp/Preview Content\"";
				DEVELOPMENT_TEAM = B6Q374WVVF;
				ENABLE_PREVIEWS = YES;
				GENERATE_INFOPLIST_FILE = YES;
				INFOPLIST_KEY_UIApplicationSceneManifest_Generation = YES;
				INFOPLIST_KEY_UIApplicationSupportsIndirectInputEvents = YES;
				INFOPLIST_KEY_UILaunchScreen_Generation = YES;
				INFOPLIST_KEY_UISupportedInterfaceOrientations = UIInterfaceOrientationPortrait;
				INFOPLIST_KEY_UISupportedInterfaceOrientations_iPad = "UIInterfaceOrientationLandscapeLeft UIInterfaceOrientationPortrait UIInterfaceOrientationPortraitUpsideDown";
				LD_RUNPATH_SEARCH_PATHS = (
					"$(inherited)",
					"@executable_path/Frameworks",
				);
				MARKETING_VERSION = 1.0;
				PRODUCT_BUNDLE_IDENTIFIER = com.galymzhanaitkaliyev.ArbuzTaskApp;
				PRODUCT_NAME = "$(TARGET_NAME)";
				SUPPORTED_PLATFORMS = "iphoneos iphonesimulator";
				SUPPORTS_MACCATALYST = NO;
				SUPPORTS_MAC_DESIGNED_FOR_IPHONE_IPAD = NO;
				SWIFT_EMIT_LOC_STRINGS = YES;
				SWIFT_VERSION = 5.0;
				TARGETED_DEVICE_FAMILY = "1,2";
			};
			name = Debug;
		};
		260320B82A19FE7C00A4E83C /* Release */ = {
			isa = XCBuildConfiguration;
			buildSettings = {
				ASSETCATALOG_COMPILER_APPICON_NAME = AppIcon;
				ASSETCATALOG_COMPILER_GLOBAL_ACCENT_COLOR_NAME = AccentColor;
				CODE_SIGN_STYLE = Automatic;
				CURRENT_PROJECT_VERSION = 1;
				DEVELOPMENT_ASSET_PATHS = "\"ArbuzTaskApp/Preview Content\"";
				DEVELOPMENT_TEAM = B6Q374WVVF;
				ENABLE_PREVIEWS = YES;
				GENERATE_INFOPLIST_FILE = YES;
				INFOPLIST_KEY_UIApplicationSceneManifest_Generation = YES;
				INFOPLIST_KEY_UIApplicationSupportsIndirectInputEvents = YES;
				INFOPLIST_KEY_UILaunchScreen_Generation = YES;
				INFOPLIST_KEY_UISupportedInterfaceOrientations = UIInterfaceOrientationPortrait;
				INFOPLIST_KEY_UISupportedInterfaceOrientations_iPad = "UIInterfaceOrientationLandscapeLeft UIInterfaceOrientationPortrait UIInterfaceOrientationPortraitUpsideDown";
				LD_RUNPATH_SEARCH_PATHS = (
					"$(inherited)",
					"@executable_path/Frameworks",
				);
				MARKETING_VERSION = 1.0;
				PRODUCT_BUNDLE_IDENTIFIER = com.galymzhanaitkaliyev.ArbuzTaskApp;
				PRODUCT_NAME = "$(TARGET_NAME)";
				SUPPORTED_PLATFORMS = "iphoneos iphonesimulator";
				SUPPORTS_MACCATALYST = NO;
				SUPPORTS_MAC_DESIGNED_FOR_IPHONE_IPAD = NO;
				SWIFT_EMIT_LOC_STRINGS = YES;
				SWIFT_VERSION = 5.0;
				TARGETED_DEVICE_FAMILY = "1,2";
			};
			name = Release;
		};
/* End XCBuildConfiguration section */

/* Begin XCConfigurationList section */
		260320A32A19FE7A00A4E83C /* Build configuration list for PBXProject "ArbuzTaskApp" */ = {
			isa = XCConfigurationList;
			buildConfigurations = (
				260320B42A19FE7C00A4E83C /* Debug */,
				260320B52A19FE7C00A4E83C /* Release */,
			);
			defaultConfigurationIsVisible = 0;
			defaultConfigurationName = Release;
		};
		260320B62A19FE7C00A4E83C /* Build configuration list for PBXNativeTarget "ArbuzTaskApp" */ = {
			isa = XCConfigurationList;
			buildConfigurations = (
				260320B72A19FE7C00A4E83C /* Debug */,
				260320B82A19FE7C00A4E83C /* Release */,
			);
			defaultConfigurationIsVisible = 0;
			defaultConfigurationName = Release;
		};
/* End XCConfigurationList section */
	};
	rootObject = 260320A02A19FE7A00A4E83C /* Project object */;
}
